Microsoft Visual Studio Solution File, Format Version 12.00
# Visual Studio 15
VisualStudioVersion = 15.0.28307.539
MinimumVisualStudioVersion = 10.0.40219.1
Project("{F184B08F-C81C-45F6-A57F-5ABD9991F28F}") = "WindowsApplication1", "WindowsApplication1\WindowsApplication1.vbproj", "{E3D205A2-86A3-4C31-81AA-9F5649D762AB}"
EndProject
Global
	GlobalSection(SolutionConfigurationPlatforms) = preSolution
		Debug|Any CPU = Debug|Any CPU
		Release|Any CPU = Release|Any CPU
	EndGlobalSection
	GlobalSection(ProjectConfigurationPlatforms) = postSolution
		{E3D205A2-86A3-4C31-81AA-9F5649D762AB}.Debug|Any CPU.ActiveCfg = Debug|Any CPU
		{E3D205A2-86A3-4C31-81AA-9F5649D762AB}.Debug|Any CPU.Build.0 = Debug|Any CPU
		{E3D205A2-86A3-4C31-81AA-9F5649D762AB}.Release|Any CPU.ActiveCfg = Release|Any CPU
		{E3D205A2-86A3-4C31-81AA-9F5649D762AB}.Release|Any CPU.Build.0 = Release|Any CPU
	EndGlobalSection
	GlobalSection(SolutionProperties) = preSolution
		HideSolutionNode = FALSE
	EndGlobalSection
	GlobalSection(ExtensibilityGlobals) = postSolution
		SolutionGuid = {A8EE89CA-D2AA-418C-8195-263FAF33E020}
	EndGlobalSection
EndGlobal
